
Microsoft Visual Studio Solution File, Format Version 12.00
# Visual Studio Version 17
VisualStudioVersion = 17.5.002.0
MinimumVisualStudioVersion = 10.0.40219.1
Project("{9A19103F-16F7-4668-BE54-9A1E7A4F7556}") = "FontPlus", "FontPlus.csproj", "{6245CFA2-647F-4FD1-A18E-34D7EE179205}"
EndProject
Global
	GlobalSection(SolutionConfigurationPlatforms) = preSolution
		Debug|Any CPU = Debug|Any CPU
		Release|Any CPU = Release|Any CPU
	EndGlobalSection
	GlobalSection(ProjectConfigurationPlatforms) = postSolution
		{6245CFA2-647F-4FD1-A18E-34D7EE179205}.Debug|Any CPU.ActiveCfg = Debug|Any CPU
		{6245CFA2-647F-4FD1-A18E-34D7EE179205}.Debug|Any CPU.Build.0 = Debug|Any CPU
		{6245CFA2-647F-4FD1-A18E-34D7EE179205}.Release|Any CPU.ActiveCfg = Release|Any CPU
		{6245CFA2-647F-4FD1-A18E-34D7EE179205}.Release|Any CPU.Build.0 = Release|Any CPU
	EndGlobalSection
	GlobalSection(SolutionProperties) = preSolution
		HideSolutionNode = FALSE
	EndGlobalSection
	GlobalSection(ExtensibilityGlobals) = postSolution
		SolutionGuid = {57D498C3-9D24-4AF0-ACDD-6AB8EFA9BB71}
	EndGlobalSection
EndGlobal
